
Microsoft Visual Studio Solution File, Format Version 12.00
# Visual Studio 15
VisualStudioVersion = 15.0.27004.2006
MinimumVisualStudioVersion = 15.0.26430.12
Project("{9A19103F-16F7-4668-BE54-9A1E7A4F7556}") = "NServiceBus.AzureServiceBus", "Transport\NServiceBus.AzureServiceBus.csproj", "{607C3F29-58D4-4EEC-BFFB-668976CBB5B8}"
EndProject
Project("{9A19103F-16F7-4668-BE54-9A1E7A4F7556}") = "NServiceBus.AzureServiceBus.AcceptanceTests", "AcceptanceTests\NServiceBus.AzureServiceBus.AcceptanceTests.csproj", "{54FCA3C9-F153-4FDF-A7F6-46595275AE6E}"
EndProject
Project("{9A19103F-16F7-4668-BE54-9A1E7A4F7556}") = "NServiceBus.AzureServiceBus.Tests", "Tests\NServiceBus.AzureServiceBus.Tests.csproj", "{0A5B4346-3C24-4192-B47C-B35706954907}"
EndProject
Project("{9A19103F-16F7-4668-BE54-9A1E7A4F7556}") = "NServiceBus.AzureServiceBus.TransportTests", "TransportTests\NServiceBus.AzureServiceBus.TransportTests.csproj", "{0F5092A6-06C2-4AED-B7A5-29D7AD43222F}"
EndProject
Project("{2150E333-8FDC-42A3-9474-1A3956D46DE8}") = "Solution Items", "Solution Items", "{F0BB0F35-A61A-46D8-A5E8-55D62C632172}"
	ProjectSection(SolutionItems) = preProject
		Directory.Build.props = Directory.Build.props
	EndProjectSection
EndProject
Global
	GlobalSection(SolutionConfigurationPlatforms) = preSolution
		Debug|Any CPU = Debug|Any CPU
		Release|Any CPU = Release|Any CPU
	EndGlobalSection
	GlobalSection(ProjectConfigurationPlatforms) = postSolution
		{607C3F29-58D4-4EEC-BFFB-668976CBB5B8}.Debug|Any CPU.ActiveCfg = Debug|Any CPU
		{607C3F29-58D4-4EEC-BFFB-668976CBB5B8}.Debug|Any CPU.Build.0 = Debug|Any CPU
		{607C3F29-58D4-4EEC-BFFB-668976CBB5B8}.Release|Any CPU.ActiveCfg = Release|Any CPU
		{607C3F29-58D4-4EEC-BFFB-668976CBB5B8}.Release|Any CPU.Build.0 = Release|Any CPU
		{54FCA3C9-F153-4FDF-A7F6-46595275AE6E}.Debug|Any CPU.ActiveCfg = Debug|Any CPU
		{54FCA3C9-F153-4FDF-A7F6-46595275AE6E}.Debug|Any CPU.Build.0 = Debug|Any CPU
		{54FCA3C9-F153-4FDF-A7F6-46595275AE6E}.Release|Any CPU.ActiveCfg = Release|Any CPU
		{54FCA3C9-F153-4FDF-A7F6-46595275AE6E}.Release|Any CPU.Build.0 = Release|Any CPU
		{0A5B4346-3C24-4192-B47C-B35706954907}.Debug|Any CPU.ActiveCfg = Debug|Any CPU
		{0A5B4346-3C24-4192-B47C-B35706954907}.Debug|Any CPU.Build.0 = Debug|Any CPU
		{0A5B4346-3C24-4192-B47C-B35706954907}.Release|Any CPU.ActiveCfg = Release|Any CPU
		{0A5B4346-3C24-4192-B47C-B35706954907}.Release|Any CPU.Build.0 = Release|Any CPU
		{0F5092A6-06C2-4AED-B7A5-29D7AD43222F}.Debug|Any CPU.ActiveCfg = Debug|Any CPU
		{0F5092A6-06C2-4AED-B7A5-29D7AD43222F}.Debug|Any CPU.Build.0 = Debug|Any CPU
		{0F5092A6-06C2-4AED-B7A5-29D7AD43222F}.Release|Any CPU.ActiveCfg = Release|Any CPU
		{0F5092A6-06C2-4AED-B7A5-29D7AD43222F}.Release|Any CPU.Build.0 = Release|Any CPU
	EndGlobalSection
	GlobalSection(SolutionProperties) = preSolution
		HideSolutionNode = FALSE
	EndGlobalSection
	GlobalSection(ExtensibilityGlobals) = postSolution
		SolutionGuid = {9D263139-5538-4DA9-BE3A-960811B48A9E}
	EndGlobalSection
EndGlobal
