
Microsoft Visual Studio Solution File, Format Version 12.00
# Visual Studio 2013
VisualStudioVersion = 12.0.31101.0
MinimumVisualStudioVersion = 10.0.40219.1
Project("{FAE04EC0-301F-11D3-BF4B-00C04F79EFBC}") = "NServiceBus.AzureServiceBus", "Transport\NServiceBus.AzureServiceBus.csproj", "{607C3F29-58D4-4EEC-BFFB-668976CBB5B8}"
EndProject
Project("{FAE04EC0-301F-11D3-BF4B-00C04F79EFBC}") = "NServiceBus.AzureServiceBus.AcceptanceTests", "AcceptanceTests\NServiceBus.AzureServiceBus.AcceptanceTests.csproj", "{54FCA3C9-F153-4FDF-A7F6-46595275AE6E}"
EndProject
Project("{2150E333-8FDC-42A3-9474-1A3956D46DE8}") = "nuget", "nuget", "{52AA5A83-8EF1-4B86-8CC2-1B64D432458A}"
	ProjectSection(SolutionItems) = preProject
		nuget.config = nuget.config
	EndProjectSection
EndProject
Project("{FAE04EC0-301F-11D3-BF4B-00C04F79EFBC}") = "NServiceBus.AzureServiceBus.Tests", "Tests\NServiceBus.AzureServiceBus.Tests.csproj", "{0A5B4346-3C24-4192-B47C-B35706954907}"
EndProject
Project("{2150E333-8FDC-42A3-9474-1A3956D46DE8}") = "NugetPackageDefinition", "NugetPackageDefinition", "{7FC54FB1-D732-49B2-A5F1-3EEE3F9A36F2}"
	ProjectSection(SolutionItems) = preProject
		..\packaging\nuget\nservicebus.azureservicebus.nuspec = ..\packaging\nuget\nservicebus.azureservicebus.nuspec
	EndProjectSection
EndProject
Global
	GlobalSection(SolutionConfigurationPlatforms) = preSolution
		Debug|Any CPU = Debug|Any CPU
		Release|Any CPU = Release|Any CPU
	EndGlobalSection
	GlobalSection(ProjectConfigurationPlatforms) = postSolution
		{607C3F29-58D4-4EEC-BFFB-668976CBB5B8}.Debug|Any CPU.ActiveCfg = Debug|Any CPU
		{607C3F29-58D4-4EEC-BFFB-668976CBB5B8}.Debug|Any CPU.Build.0 = Debug|Any CPU
		{607C3F29-58D4-4EEC-BFFB-668976CBB5B8}.Release|Any CPU.ActiveCfg = Release|Any CPU
		{607C3F29-58D4-4EEC-BFFB-668976CBB5B8}.Release|Any CPU.Build.0 = Release|Any CPU
		{54FCA3C9-F153-4FDF-A7F6-46595275AE6E}.Debug|Any CPU.ActiveCfg = Debug|Any CPU
		{54FCA3C9-F153-4FDF-A7F6-46595275AE6E}.Debug|Any CPU.Build.0 = Debug|Any CPU
		{54FCA3C9-F153-4FDF-A7F6-46595275AE6E}.Release|Any CPU.ActiveCfg = Release|Any CPU
		{54FCA3C9-F153-4FDF-A7F6-46595275AE6E}.Release|Any CPU.Build.0 = Release|Any CPU
		{0A5B4346-3C24-4192-B47C-B35706954907}.Debug|Any CPU.ActiveCfg = Debug|Any CPU
		{0A5B4346-3C24-4192-B47C-B35706954907}.Debug|Any CPU.Build.0 = Debug|Any CPU
		{0A5B4346-3C24-4192-B47C-B35706954907}.Release|Any CPU.ActiveCfg = Release|Any CPU
		{0A5B4346-3C24-4192-B47C-B35706954907}.Release|Any CPU.Build.0 = Release|Any CPU
	EndGlobalSection
	GlobalSection(SolutionProperties) = preSolution
		HideSolutionNode = FALSE
	EndGlobalSection
EndGlobal
